
Microsoft Visual Studio Solution File, Format Version 12.00
Project("{FAE04EC0-301F-11D3-BF4B-00C04F79EFBC}") = "apbd-2026-cw10", "apbd-2026-cw10\apbd-2026-cw10.csproj", "{964AECD7-9241-4B62-8DE1-D0543EB9B8EC}"
EndProject
Global
	GlobalSection(SolutionConfigurationPlatforms) = preSolution
		Debug|Any CPU = Debug|Any CPU
		Release|Any CPU = Release|Any CPU
	EndGlobalSection
	GlobalSection(ProjectConfigurationPlatforms) = postSolution
		{964AECD7-9241-4B62-8DE1-D0543EB9B8EC}.Debug|Any CPU.ActiveCfg = Debug|Any CPU
		{964AECD7-9241-4B62-8DE1-D0543EB9B8EC}.Debug|Any CPU.Build.0 = Debug|Any CPU
		{964AECD7-9241-4B62-8DE1-D0543EB9B8EC}.Release|Any CPU.ActiveCfg = Release|Any CPU
		{964AECD7-9241-4B62-8DE1-D0543EB9B8EC}.Release|Any CPU.Build.0 = Release|Any CPU
	EndGlobalSection
EndGlobal
